
Microsoft Visual Studio Solution File, Format Version 10.00
# Visual Studio 2008
Project("{FAE04EC0-301F-11D3-BF4B-00C04F79EFBC}") = "PDA_SRM", "PDA_SRM\PDA_SRM.csproj", "{B9EAD064-1139-4A2C-A92D-B072B5D4CB6B}"
EndProject
Global
	GlobalSection(SolutionConfigurationPlatforms) = preSolution
		Debug|Any CPU = Debug|Any CPU
		Release|Any CPU = Release|Any CPU
	EndGlobalSection
	GlobalSection(ProjectConfigurationPlatforms) = postSolution
		{B9EAD064-1139-4A2C-A92D-B072B5D4CB6B}.Debug|Any CPU.ActiveCfg = Debug|Any CPU
		{B9EAD064-1139-4A2C-A92D-B072B5D4CB6B}.Debug|Any CPU.Build.0 = Debug|Any CPU
		{B9EAD064-1139-4A2C-A92D-B072B5D4CB6B}.Debug|Any CPU.Deploy.0 = Debug|Any CPU
		{B9EAD064-1139-4A2C-A92D-B072B5D4CB6B}.Release|Any CPU.ActiveCfg = Release|Any CPU
		{B9EAD064-1139-4A2C-A92D-B072B5D4CB6B}.Release|Any CPU.Build.0 = Release|Any CPU
		{B9EAD064-1139-4A2C-A92D-B072B5D4CB6B}.Release|Any CPU.Deploy.0 = Release|Any CPU
	EndGlobalSection
	GlobalSection(SolutionProperties) = preSolution
		HideSolutionNode = FALSE
	EndGlobalSection
EndGlobal
